// !$*UTF8*$!
{
	archiveVersion = 1;
	classes = {
	};
	objectVersion = 46;
	objects = {

/* Begin PBXBuildFile section */
		B00E439719512D4C00DF7219 /* GSGeoJsonImporter.m in Sources */ = {isa = PBXBuildFile; fileRef = B00E439619512D4C00DF7219 /* GSGeoJsonImporter.m */; };
		B00E439A19512DCD00DF7219 /* GSDataController.m in Sources */ = {isa = PBXBuildFile; fileRef = B00E439919512DCD00DF7219 /* GSDataController.m */; };
		B00E43AD19513BEC00DF7219 /* GSSpringLocation.m in Sources */ = {isa = PBXBuildFile; fileRef = B00E43AC19513BEC00DF7219 /* GSSpringLocation.m */; };
		B00E43B019513BEC00DF7219 /* GSCounty.m in Sources */ = {isa = PBXBuildFile; fileRef = B00E43AF19513BEC00DF7219 /* GSCounty.m */; };
		B00E43B219513F7200DF7219 /* MapKit.framework in Frameworks */ = {isa = PBXBuildFile; fileRef = B00E43B119513F7200DF7219 /* MapKit.framework */; };
		B00E43B619513FF000DF7219 /* GSSpringLocation+MapKit.m in Sources */ = {isa = PBXBuildFile; fileRef = B00E43B519513FF000DF7219 /* GSSpringLocation+MapKit.m */; };
		B00E43BB195256D100DF7219 /* CoreLocation.framework in Frameworks */ = {isa = PBXBuildFile; fileRef = B00E43BA195256D100DF7219 /* CoreLocation.framework */; };
		B091890719512A34009C837D /* Foundation.framework in Frameworks */ = {isa = PBXBuildFile; fileRef = B091890619512A34009C837D /* Foundation.framework */; };
		B091890919512A34009C837D /* CoreGraphics.framework in Frameworks */ = {isa = PBXBuildFile; fileRef = B091890819512A34009C837D /* CoreGraphics.framework */; };
		B091890B19512A34009C837D /* UIKit.framework in Frameworks */ = {isa = PBXBuildFile; fileRef = B091890A19512A34009C837D /* UIKit.framework */; };
		B091891119512A34009C837D /* InfoPlist.strings in Resources */ = {isa = PBXBuildFile; fileRef = B091890F19512A34009C837D /* InfoPlist.strings */; };
		B091891319512A34009C837D /* main.m in Sources */ = {isa = PBXBuildFile; fileRef = B091891219512A34009C837D /* main.m */; };
		B091891719512A34009C837D /* GSAppDelegate.m in Sources */ = {isa = PBXBuildFile; fileRef = B091891619512A34009C837D /* GSAppDelegate.m */; };
		B091891D19512A34009C837D /* Main.storyboard in Resources */ = {isa = PBXBuildFile; fileRef = B091891B19512A34009C837D /* Main.storyboard */; };
		B091892019512A34009C837D /* GSViewController.m in Sources */ = {isa = PBXBuildFile; fileRef = B091891F19512A34009C837D /* GSViewController.m */; };
		B091892219512A34009C837D /* Images.xcassets in Resources */ = {isa = PBXBuildFile; fileRef = B091892119512A34009C837D /* Images.xcassets */; };
		B091892919512A35009C837D /* XCTest.framework in Frameworks */ = {isa = PBXBuildFile; fileRef = B091892819512A35009C837D /* XCTest.framework */; };
		B091892A19512A35009C837D /* Foundation.framework in Frameworks */ = {isa = PBXBuildFile; fileRef = B091890619512A34009C837D /* Foundation.framework */; };
		B091892B19512A35009C837D /* UIKit.framework in Frameworks */ = {isa = PBXBuildFile; fileRef = B091890A19512A34009C837D /* UIKit.framework */; };
		B091893319512A35009C837D /* InfoPlist.strings in Resources */ = {isa = PBXBuildFile; fileRef = B091893119512A35009C837D /* InfoPlist.strings */; };
		B091893519512A35009C837D /* GeoSpringTests.m in Sources */ = {isa = PBXBuildFile; fileRef = B091893419512A35009C837D /* GeoSpringTests.m */; };
		B091894119512A6A009C837D /* SpringData.xcdatamodeld in Sources */ = {isa = PBXBuildFile; fileRef = B091893F19512A6A009C837D /* SpringData.xcdatamodeld */; };
		B091894319512CE6009C837D /* springdata.json in Resources */ = {isa = PBXBuildFile; fileRef = B091894219512CE6009C837D /* springdata.json */; };
		B0FCBDC419528DB50099DCED /* GSBasin+MapKit.m in Sources */ = {isa = PBXBuildFile; fileRef = B0FCBDC319528DB50099DCED /* GSBasin+MapKit.m */; };
		B0FCBDCD195299550099DCED /* GSConvexHull.mm in Sources */ = {isa = PBXBuildFile; fileRef = B0FCBDCC195299550099DCED /* GSConvexHull.mm */; };
		B0FCBDCF1952997C0099DCED /* ConvexHull2.cpp in Sources */ = {isa = PBXBuildFile; fileRef = B0FCBDCE1952997C0099DCED /* ConvexHull2.cpp */; };
		B0FCBDD119529FFB0099DCED /* libstdc++.dylib in Frameworks */ = {isa = PBXBuildFile; fileRef = B0FCBDD019529FFB0099DCED /* libstdc++.dylib */; };
		B0FCBDD51953A7790099DCED /* GSBasin.m in Sources */ = {isa = PBXBuildFile; fileRef = B0FCBDD41953A7790099DCED /* GSBasin.m */; };
		B0FCBDD71953A7C40099DCED /* Version1to2.xcmappingmodel in Sources */ = {isa = PBXBuildFile; fileRef = B0FCBDD61953A7C40099DCED /* Version1to2.xcmappingmodel */; };
		B0FCBDDC1953B1490099DCED /* GSBasinDetailsViewController.m in Sources */ = {isa = PBXBuildFile; fileRef = B0FCBDDB1953B1490099DCED /* GSBasinDetailsViewController.m */; };
		B0FCBDDF1953B16B0099DCED /* GSSpringLocationDetailsViewController.m in Sources */ = {isa = PBXBuildFile; fileRef = B0FCBDDE1953B16B0099DCED /* GSSpringLocationDetailsViewController.m */; };
/* End PBXBuildFile section */

/* Begin PBXContainerItemProxy section */
		B091892C19512A35009C837D /* PBXContainerItemProxy */ = {
			isa = PBXContainerItemProxy;
			containerPortal = B09188FB19512A34009C837D /* Project object */;
			proxyType = 1;
			remoteGlobalIDString = B091890219512A34009C837D;
			remoteInfo = GeoSpring;
		};
/* End PBXContainerItemProxy section */

/* Begin PBXFileReference section */
		B00E439519512D4C00DF7219 /* GSGeoJsonImporter.h */ = {isa = PBXFileReference; fileEncoding = 4; lastKnownFileType = sourcecode.c.h; path = GSGeoJsonImporter.h; sourceTree = "<group>"; };
		B00E439619512D4C00DF7219 /* GSGeoJsonImporter.m */ = {isa = PBXFileReference; fileEncoding = 4; lastKnownFileType = sourcecode.c.objc; path = GSGeoJsonImporter.m; sourceTree = "<group>"; };
		B00E439819512DCD00DF7219 /* GSDataController.h */ = {isa = PBXFileReference; fileEncoding = 4; lastKnownFileType = sourcecode.c.h; path = GSDataController.h; sourceTree = "<group>"; };
		B00E439919512DCD00DF7219 /* GSDataController.m */ = {isa = PBXFileReference; fileEncoding = 4; lastKnownFileType = sourcecode.c.objc; path = GSDataController.m; sourceTree = "<group>"; };
		B00E43AB19513BEC00DF7219 /* GSSpringLocation.h */ = {isa = PBXFileReference; fileEncoding = 4; lastKnownFileType = sourcecode.c.h; path = GSSpringLocation.h; sourceTree = "<group>"; };
		B00E43AC19513BEC00DF7219 /* GSSpringLocation.m */ = {isa = PBXFileReference; fileEncoding = 4; lastKnownFileType = sourcecode.c.objc; path = GSSpringLocation.m; sourceTree = "<group>"; };
		B00E43AE19513BEC00DF7219 /* GSCounty.h */ = {isa = PBXFileReference; fileEncoding = 4; lastKnownFileType = sourcecode.c.h; path = GSCounty.h; sourceTree = "<group>"; };
		B00E43AF19513BEC00DF7219 /* GSCounty.m */ = {isa = PBXFileReference; fileEncoding = 4; lastKnownFileType = sourcecode.c.objc; path = GSCounty.m; sourceTree = "<group>"; };
		B00E43B119513F7200DF7219 /* MapKit.framework */ = {isa = PBXFileReference; lastKnownFileType = wrapper.framework; name = MapKit.framework; path = System/Library/Frameworks/MapKit.framework; sourceTree = SDKROOT; };
		B00E43B419513FF000DF7219 /* GSSpringLocation+MapKit.h */ = {isa = PBXFileReference; fileEncoding = 4; lastKnownFileType = sourcecode.c.h; path = "GSSpringLocation+MapKit.h"; sourceTree = "<group>"; };
		B00E43B519513FF000DF7219 /* GSSpringLocation+MapKit.m */ = {isa = PBXFileReference; fileEncoding = 4; lastKnownFileType = sourcecode.c.objc; path = "GSSpringLocation+MapKit.m"; sourceTree = "<group>"; };
		B00E43BA195256D100DF7219 /* CoreLocation.framework */ = {isa = PBXFileReference; lastKnownFileType = wrapper.framework; name = CoreLocation.framework; path = System/Library/Frameworks/CoreLocation.framework; sourceTree = SDKROOT; };
		B091890319512A34009C837D /* GeoSpring.app */ = {isa = PBXFileReference; explicitFileType = wrapper.application; includeInIndex = 0; path = GeoSpring.app; sourceTree = BUILT_PRODUCTS_DIR; };
		B091890619512A34009C837D /* Foundation.framework */ = {isa = PBXFileReference; lastKnownFileType = wrapper.framework; name = Foundation.framework; path = System/Library/Frameworks/Foundation.framework; sourceTree = SDKROOT; };
		B091890819512A34009C837D /* CoreGraphics.framework */ = {isa = PBXFileReference; lastKnownFileType = wrapper.framework; name = CoreGraphics.framework; path = System/Library/Frameworks/CoreGraphics.framework; sourceTree = SDKROOT; };
		B091890A19512A34009C837D /* UIKit.framework */ = {isa = PBXFileReference; lastKnownFileType = wrapper.framework; name = UIKit.framework; path = System/Library/Frameworks/UIKit.framework; sourceTree = SDKROOT; };
		B091890E19512A34009C837D /* GeoSpring-Info.plist */ = {isa = PBXFileReference; lastKnownFileType = text.plist.xml; path = "GeoSpring-Info.plist"; sourceTree = "<group>"; };
		B091891019512A34009C837D /* en */ = {isa = PBXFileReference; lastKnownFileType = text.plist.strings; name = en; path = en.lproj/InfoPlist.strings; sourceTree = "<group>"; };
		B091891219512A34009C837D /* main.m */ = {isa = PBXFileReference; lastKnownFileType = sourcecode.c.objc; path = main.m; sourceTree = "<group>"; };
		B091891419512A34009C837D /* GeoSpring-Prefix.pch */ = {isa = PBXFileReference; lastKnownFileType = sourcecode.c.h; path = "GeoSpring-Prefix.pch"; sourceTree = "<group>"; };
		B091891519512A34009C837D /* GSAppDelegate.h */ = {isa = PBXFileReference; lastKnownFileType = sourcecode.c.h; path = GSAppDelegate.h; sourceTree = "<group>"; };
		B091891619512A34009C837D /* GSAppDelegate.m */ = {isa = PBXFileReference; lastKnownFileType = sourcecode.c.objc; path = GSAppDelegate.m; sourceTree = "<group>"; };
		B091891C19512A34009C837D /* Base */ = {isa = PBXFileReference; lastKnownFileType = file.storyboard; name = Base; path = Base.lproj/Main.storyboard; sourceTree = "<group>"; };
		B091891E19512A34009C837D /* GSViewController.h */ = {isa = PBXFileReference; lastKnownFileType = sourcecode.c.h; path = GSViewController.h; sourceTree = "<group>"; };
		B091891F19512A34009C837D /* GSViewController.m */ = {isa = PBXFileReference; lastKnownFileType = sourcecode.c.objc; path = GSViewController.m; sourceTree = "<group>"; };
		B091892119512A34009C837D /* Images.xcassets */ = {isa = PBXFileReference; lastKnownFileType = folder.assetcatalog; path = Images.xcassets; sourceTree = "<group>"; };
		B091892719512A35009C837D /* GeoSpringTests.xctest */ = {isa = PBXFileReference; explicitFileType = wrapper.cfbundle; includeInIndex = 0; path = GeoSpringTests.xctest; sourceTree = BUILT_PRODUCTS_DIR; };
		B091892819512A35009C837D /* XCTest.framework */ = {isa = PBXFileReference; lastKnownFileType = wrapper.framework; name = XCTest.framework; path = Library/Frameworks/XCTest.framework; sourceTree = DEVELOPER_DIR; };
		B091893019512A35009C837D /* GeoSpringTests-Info.plist */ = {isa = PBXFileReference; lastKnownFileType = text.plist.xml; path = "GeoSpringTests-Info.plist"; sourceTree = "<group>"; };
		B091893219512A35009C837D /* en */ = {isa = PBXFileReference; lastKnownFileType = text.plist.strings; name = en; path = en.lproj/InfoPlist.strings; sourceTree = "<group>"; };
		B091893419512A35009C837D /* GeoSpringTests.m */ = {isa = PBXFileReference; lastKnownFileType = sourcecode.c.objc; path = GeoSpringTests.m; sourceTree = "<group>"; };
		B091894019512A6A009C837D /* SpringData.xcdatamodel */ = {isa = PBXFileReference; lastKnownFileType = wrapper.xcdatamodel; path = SpringData.xcdatamodel; sourceTree = "<group>"; };
		B091894219512CE6009C837D /* springdata.json */ = {isa = PBXFileReference; fileEncoding = 4; lastKnownFileType = text.json; path = springdata.json; sourceTree = "<group>"; };
		B0FCBDC219528DB50099DCED /* GSBasin+MapKit.h */ = {isa = PBXFileReference; fileEncoding = 4; lastKnownFileType = sourcecode.c.h; path = "GSBasin+MapKit.h"; sourceTree = "<group>"; };
		B0FCBDC319528DB50099DCED /* GSBasin+MapKit.m */ = {isa = PBXFileReference; fileEncoding = 4; lastKnownFileType = sourcecode.c.objc; path = "GSBasin+MapKit.m"; sourceTree = "<group>"; };
		B0FCBDCB195299550099DCED /* GSConvexHull.h */ = {isa = PBXFileReference; fileEncoding = 4; lastKnownFileType = sourcecode.c.h; path = GSConvexHull.h; sourceTree = "<group>"; };
		B0FCBDCC195299550099DCED /* GSConvexHull.mm */ = {isa = PBXFileReference; fileEncoding = 4; lastKnownFileType = sourcecode.cpp.objcpp; path = GSConvexHull.mm; sourceTree = "<group>"; };
		B0FCBDCE1952997C0099DCED /* ConvexHull2.cpp */ = {isa = PBXFileReference; fileEncoding = 4; lastKnownFileType = sourcecode.cpp.cpp; path = ConvexHull2.cpp; sourceTree = "<group>"; };
		B0FCBDD019529FFB0099DCED /* libstdc++.dylib */ = {isa = PBXFileReference; lastKnownFileType = "compiled.mach-o.dylib"; name = "libstdc++.dylib"; path = "usr/lib/libstdc++.dylib"; sourceTree = SDKROOT; };
		B0FCBDD21953A5F10099DCED /* SpringData 2.xcdatamodel */ = {isa = PBXFileReference; lastKnownFileType = wrapper.xcdatamodel; path = "SpringData 2.xcdatamodel"; sourceTree = "<group>"; };
		B0FCBDD31953A7790099DCED /* GSBasin.h */ = {isa = PBXFileReference; fileEncoding = 4; lastKnownFileType = sourcecode.c.h; path = GSBasin.h; sourceTree = "<group>"; };
		B0FCBDD41953A7790099DCED /* GSBasin.m */ = {isa = PBXFileReference; fileEncoding = 4; lastKnownFileType = sourcecode.c.objc; path = GSBasin.m; sourceTree = "<group>"; };
		B0FCBDD61953A7C40099DCED /* Version1to2.xcmappingmodel */ = {isa = PBXFileReference; lastKnownFileType = wrapper.xcmappingmodel; path = Version1to2.xcmappingmodel; sourceTree = "<group>"; };
		B0FCBDDA1953B1490099DCED /* GSBasinDetailsViewController.h */ = {isa = PBXFileReference; fileEncoding = 4; lastKnownFileType = sourcecode.c.h; path = GSBasinDetailsViewController.h; sourceTree = "<group>"; };
		B0FCBDDB1953B1490099DCED /* GSBasinDetailsViewController.m */ = {isa = PBXFileReference; fileEncoding = 4; lastKnownFileType = sourcecode.c.objc; path = GSBasinDetailsViewController.m; sourceTree = "<group>"; };
		B0FCBDDD1953B16B0099DCED /* GSSpringLocationDetailsViewController.h */ = {isa = PBXFileReference; fileEncoding = 4; lastKnownFileType = sourcecode.c.h; path = GSSpringLocationDetailsViewController.h; sourceTree = "<group>"; };
		B0FCBDDE1953B16B0099DCED /* GSSpringLocationDetailsViewController.m */ = {isa = PBXFileReference; fileEncoding = 4; lastKnownFileType = sourcecode.c.objc; path = GSSpringLocationDetailsViewController.m; sourceTree = "<group>"; };
/* End PBXFileReference section */

/* Begin PBXFrameworksBuildPhase section */
		B091890019512A34009C837D /* Frameworks */ = {
			isa = PBXFrameworksBuildPhase;
			buildActionMask = 2147483647;
			files = (
				B0FCBDD119529FFB0099DCED /* libstdc++.dylib in Frameworks */,
				B00E43BB195256D100DF7219 /* CoreLocation.framework in Frameworks */,
				B00E43B219513F7200DF7219 /* MapKit.framework in Frameworks */,
				B091890919512A34009C837D /* CoreGraphics.framework in Frameworks */,
				B091890B19512A34009C837D /* UIKit.framework in Frameworks */,
				B091890719512A34009C837D /* Foundation.framework in Frameworks */,
			);
			runOnlyForDeploymentPostprocessing = 0;
		};
		B091892419512A35009C837D /* Frameworks */ = {
			isa = PBXFrameworksBuildPhase;
			buildActionMask = 2147483647;
			files = (
				B091892919512A35009C837D /* XCTest.framework in Frameworks */,
				B091892B19512A35009C837D /* UIKit.framework in Frameworks */,
				B091892A19512A35009C837D /* Foundation.framework in Frameworks */,
			);
			runOnlyForDeploymentPostprocessing = 0;
		};
/* End PBXFrameworksBuildPhase section */

/* Begin PBXGroup section */
		B00E439B19512E0100DF7219 /* Managed Objects */ = {
			isa = PBXGroup;
			children = (
				B00E43B319513FD500DF7219 /* Extensions */,
				B0FCBDD31953A7790099DCED /* GSBasin.h */,
				B0FCBDD41953A7790099DCED /* GSBasin.m */,
				B00E43AE19513BEC00DF7219 /* GSCounty.h */,
				B00E43AF19513BEC00DF7219 /* GSCounty.m */,
				B00E43AB19513BEC00DF7219 /* GSSpringLocation.h */,
				B00E43AC19513BEC00DF7219 /* GSSpringLocation.m */,
			);
			path = "Managed Objects";
			sourceTree = "<group>";
		};
		B00E43B319513FD500DF7219 /* Extensions */ = {
			isa = PBXGroup;
			children = (
				B00E43B419513FF000DF7219 /* GSSpringLocation+MapKit.h */,
				B00E43B519513FF000DF7219 /* GSSpringLocation+MapKit.m */,
				B0FCBDC219528DB50099DCED /* GSBasin+MapKit.h */,
				B0FCBDC319528DB50099DCED /* GSBasin+MapKit.m */,
			);
			path = Extensions;
			sourceTree = "<group>";
		};
		B09188FA19512A34009C837D = {
			isa = PBXGroup;
			children = (
				B091890C19512A34009C837D /* GeoSpring */,
				B091892E19512A35009C837D /* GeoSpringTests */,
				B091890519512A34009C837D /* Frameworks */,
				B091890419512A34009C837D /* Products */,
			);
			sourceTree = "<group>";
		};
		B091890419512A34009C837D /* Products */ = {
			isa = PBXGroup;
			children = (
				B091890319512A34009C837D /* GeoSpring.app */,
				B091892719512A35009C837D /* GeoSpringTests.xctest */,
			);
			name = Products;
			sourceTree = "<group>";
		};
		B091890519512A34009C837D /* Frameworks */ = {
			isa = PBXGroup;
			children = (
				B0FCBDD019529FFB0099DCED /* libstdc++.dylib */,
				B00E43BA195256D100DF7219 /* CoreLocation.framework */,
				B00E43B119513F7200DF7219 /* MapKit.framework */,
				B091890619512A34009C837D /* Foundation.framework */,
				B091890819512A34009C837D /* CoreGraphics.framework */,
				B091890A19512A34009C837D /* UIKit.framework */,
				B091892819512A35009C837D /* XCTest.framework */,
			);
			name = Frameworks;
			sourceTree = "<group>";
		};
		B091890C19512A34009C837D /* GeoSpring */ = {
			isa = PBXGroup;
			children = (
				B0FCBDD81953B1140099DCED /* Basin Details */,
				B0FCBDD91953B1140099DCED /* Spring Details */,
				B0FCBDC71952979B0099DCED /* Utilities */,
				B091893E19512A5C009C837D /* Data */,
				B091891519512A34009C837D /* GSAppDelegate.h */,
				B091891619512A34009C837D /* GSAppDelegate.m */,
				B091891B19512A34009C837D /* Main.storyboard */,
				B091891E19512A34009C837D /* GSViewController.h */,
				B091891F19512A34009C837D /* GSViewController.m */,
				B091892119512A34009C837D /* Images.xcassets */,
				B091890D19512A34009C837D /* Supporting Files */,
			);
			path = GeoSpring;
			sourceTree = "<group>";
		};
		B091890D19512A34009C837D /* Supporting Files */ = {
			isa = PBXGroup;
			children = (
				B091890E19512A34009C837D /* GeoSpring-Info.plist */,
				B091890F19512A34009C837D /* InfoPlist.strings */,
				B091891219512A34009C837D /* main.m */,
				B091891419512A34009C837D /* GeoSpring-Prefix.pch */,
			);
			name = "Supporting Files";
			sourceTree = "<group>";
		};
		B091892E19512A35009C837D /* GeoSpringTests */ = {
			isa = PBXGroup;
			children = (
				B091893419512A35009C837D /* GeoSpringTests.m */,
				B091892F19512A35009C837D /* Supporting Files */,
			);
			path = GeoSpringTests;
			sourceTree = "<group>";
		};
		B091892F19512A35009C837D /* Supporting Files */ = {
			isa = PBXGroup;
			children = (
				B091893019512A35009C837D /* GeoSpringTests-Info.plist */,
				B091893119512A35009C837D /* InfoPlist.strings */,
			);
			name = "Supporting Files";
			sourceTree = "<group>";
		};
		B091893E19512A5C009C837D /* Data */ = {
			isa = PBXGroup;
			children = (
				B00E439B19512E0100DF7219 /* Managed Objects */,
				B00E439819512DCD00DF7219 /* GSDataController.h */,
				B00E439919512DCD00DF7219 /* GSDataController.m */,
				B00E439519512D4C00DF7219 /* GSGeoJsonImporter.h */,
				B00E439619512D4C00DF7219 /* GSGeoJsonImporter.m */,
				B091894219512CE6009C837D /* springdata.json */,
				B091893F19512A6A009C837D /* SpringData.xcdatamodeld */,
				B0FCBDD61953A7C40099DCED /* Version1to2.xcmappingmodel */,
			);
			path = Data;
			sourceTree = "<group>";
		};
		B0FCBDC71952979B0099DCED /* Utilities */ = {
			isa = PBXGroup;
			children = (
				B0FCBDCB195299550099DCED /* GSConvexHull.h */,
				B0FCBDCC195299550099DCED /* GSConvexHull.mm */,
				B0FCBDCE1952997C0099DCED /* ConvexHull2.cpp */,
			);
			path = Utilities;
			sourceTree = "<group>";
		};
		B0FCBDD81953B1140099DCED /* Basin Details */ = {
			isa = PBXGroup;
			children = (
				B0FCBDDA1953B1490099DCED /* GSBasinDetailsViewController.h */,
				B0FCBDDB1953B1490099DCED /* GSBasinDetailsViewController.m */,
			);
			path = "Basin Details";
			sourceTree = "<group>";
		};
		B0FCBDD91953B1140099DCED /* Spring Details */ = {
			isa = PBXGroup;
			children = (
				B0FCBDDD1953B16B0099DCED /* GSSpringLocationDetailsViewController.h */,
				B0FCBDDE1953B16B0099DCED /* GSSpringLocationDetailsViewController.m */,
			);
			path = "Spring Details";
			sourceTree = "<group>";
		};
/* End PBXGroup section */

/* Begin PBXNativeTarget section */
		B091890219512A34009C837D /* GeoSpring */ = {
			isa = PBXNativeTarget;
			buildConfigurationList = B091893819512A35009C837D /* Build configuration list for PBXNativeTarget "GeoSpring" */;
			buildPhases = (
				B09188FF19512A34009C837D /* Sources */,
				B091890019512A34009C837D /* Frameworks */,
				B091890119512A34009C837D /* Resources */,
			);
			buildRules = (
			);
			dependencies = (
			);
			name = GeoSpring;
			productName = GeoSpring;
			productReference = B091890319512A34009C837D /* GeoSpring.app */;
			productType = "com.apple.product-type.application";
		};
		B091892619512A35009C837D /* GeoSpringTests */ = {
			isa = PBXNativeTarget;
			buildConfigurationList = B091893B19512A35009C837D /* Build configuration list for PBXNativeTarget "GeoSpringTests" */;
			buildPhases = (
				B091892319512A35009C837D /* Sources */,
				B091892419512A35009C837D /* Frameworks */,
				B091892519512A35009C837D /* Resources */,
			);
			buildRules = (
			);
			dependencies = (
				B091892D19512A35009C837D /* PBXTargetDependency */,
			);
			name = GeoSpringTests;
			productName = GeoSpringTests;
			productReference = B091892719512A35009C837D /* GeoSpringTests.xctest */;
			productType = "com.apple.product-type.bundle.unit-test";
		};
/* End PBXNativeTarget section */

/* Begin PBXProject section */
		B09188FB19512A34009C837D /* Project object */ = {
			isa = PBXProject;
			attributes = {
				CLASSPREFIX = GS;
				LastUpgradeCheck = 0510;
				ORGANIZATIONNAME = "Wayne Hartman";
				TargetAttributes = {
					B091892619512A35009C837D = {
						TestTargetID = B091890219512A34009C837D;
					};
				};
			};
			buildConfigurationList = B09188FE19512A34009C837D /* Build configuration list for PBXProject "GeoSpring" */;
			compatibilityVersion = "Xcode 3.2";
			developmentRegion = English;
			hasScannedForEncodings = 0;
			knownRegions = (
				en,
				Base,
			);
			mainGroup = B09188FA19512A34009C837D;
			productRefGroup = B091890419512A34009C837D /* Products */;
			projectDirPath = "";
			projectRoot = "";
			targets = (
				B091890219512A34009C837D /* GeoSpring */,
				B091892619512A35009C837D /* GeoSpringTests */,
			);
		};
/* End PBXProject section */

/* Begin PBXResourcesBuildPhase section */
		B091890119512A34009C837D /* Resources */ = {
			isa = PBXResourcesBuildPhase;
			buildActionMask = 2147483647;
			files = (
				B091891D19512A34009C837D /* Main.storyboard in Resources */,
				B091892219512A34009C837D /* Images.xcassets in Resources */,
				B091894319512CE6009C837D /* springdata.json in Resources */,
				B091891119512A34009C837D /* InfoPlist.strings in Resources */,
			);
			runOnlyForDeploymentPostprocessing = 0;
		};
		B091892519512A35009C837D /* Resources */ = {
			isa = PBXResourcesBuildPhase;
			buildActionMask = 2147483647;
			files = (
				B091893319512A35009C837D /* InfoPlist.strings in Resources */,
			);
			runOnlyForDeploymentPostprocessing = 0;
		};
/* End PBXResourcesBuildPhase section */

/* Begin PBXSourcesBuildPhase section */
		B09188FF19512A34009C837D /* Sources */ = {
			isa = PBXSourcesBuildPhase;
			buildActionMask = 2147483647;
			files = (
				B0FCBDDC1953B1490099DCED /* GSBasinDetailsViewController.m in Sources */,
				B091894119512A6A009C837D /* SpringData.xcdatamodeld in Sources */,
				B00E43B019513BEC00DF7219 /* GSCounty.m in Sources */,
				B00E439A19512DCD00DF7219 /* GSDataController.m in Sources */,
				B0FCBDD51953A7790099DCED /* GSBasin.m in Sources */,
				B0FCBDD71953A7C40099DCED /* Version1to2.xcmappingmodel in Sources */,
				B0FCBDC419528DB50099DCED /* GSBasin+MapKit.m in Sources */,
				B0FCBDCD195299550099DCED /* GSConvexHull.mm in Sources */,
				B00E43AD19513BEC00DF7219 /* GSSpringLocation.m in Sources */,
				B091891719512A34009C837D /* GSAppDelegate.m in Sources */,
				B0FCBDCF1952997C0099DCED /* ConvexHull2.cpp in Sources */,
				B00E439719512D4C00DF7219 /* GSGeoJsonImporter.m in Sources */,
				B091892019512A34009C837D /* GSViewController.m in Sources */,
				B0FCBDDF1953B16B0099DCED /* GSSpringLocationDetailsViewController.m in Sources */,
				B091891319512A34009C837D /* main.m in Sources */,
				B00E43B619513FF000DF7219 /* GSSpringLocation+MapKit.m in Sources */,
			);
			runOnlyForDeploymentPostprocessing = 0;
		};
		B091892319512A35009C837D /* Sources */ = {
			isa = PBXSourcesBuildPhase;
			buildActionMask = 2147483647;
			files = (
				B091893519512A35009C837D /* GeoSpringTests.m in Sources */,
			);
			runOnlyForDeploymentPostprocessing = 0;
		};
/* End PBXSourcesBuildPhase section */

/* Begin PBXTargetDependency section */
		B091892D19512A35009C837D /* PBXTargetDependency */ = {
			isa = PBXTargetDependency;
			target = B091890219512A34009C837D /* GeoSpring */;
			targetProxy = B091892C19512A35009C837D /* PBXContainerItemProxy */;
		};
/* End PBXTargetDependency section */

/* Begin PBXVariantGroup section */
		B091890F19512A34009C837D /* InfoPlist.strings */ = {
			isa = PBXVariantGroup;
			children = (
				B091891019512A34009C837D /* en */,
			);
			name = InfoPlist.strings;
			sourceTree = "<group>";
		};
		B091891B19512A34009C837D /* Main.storyboard */ = {
			isa = PBXVariantGroup;
			children = (
				B091891C19512A34009C837D /* Base */,
			);
			name = Main.storyboard;
			sourceTree = "<group>";
		};
		B091893119512A35009C837D /* InfoPlist.strings */ = {
			isa = PBXVariantGroup;
			children = (
				B091893219512A35009C837D /* en */,
			);
			name = InfoPlist.strings;
			sourceTree = "<group>";
		};
/* End PBXVariantGroup section */

/* Begin XCBuildConfiguration section */
		B091893619512A35009C837D /* Debug */ = {
			isa = XCBuildConfiguration;
			buildSettings = {
				ALWAYS_SEARCH_USER_PATHS = NO;
				CLANG_CXX_LANGUAGE_STANDARD = "gnu++0x";
				CLANG_CXX_LIBRARY = "libc++";
				CLANG_ENABLE_MODULES = YES;
				CLANG_ENABLE_OBJC_ARC = YES;
				CLANG_WARN_BOOL_CONVERSION = YES;
				CLANG_WARN_CONSTANT_CONVERSION = YES;
				CLANG_WARN_DIRECT_OBJC_ISA_USAGE = YES_ERROR;
				CLANG_WARN_EMPTY_BODY = YES;
				CLANG_WARN_ENUM_CONVERSION = YES;
				CLANG_WARN_INT_CONVERSION = YES;
				CLANG_WARN_OBJC_ROOT_CLASS = YES_ERROR;
				CLANG_WARN__DUPLICATE_METHOD_MATCH = YES;
				"CODE_SIGN_IDENTITY[sdk=iphoneos*]" = "iPhone Developer";
				COPY_PHASE_STRIP = NO;
				GCC_C_LANGUAGE_STANDARD = gnu99;
				GCC_DYNAMIC_NO_PIC = NO;
				GCC_OPTIMIZATION_LEVEL = 0;
				GCC_PREPROCESSOR_DEFINITIONS = (
					"DEBUG=1",
					"$(inherited)",
				);
				GCC_SYMBOLS_PRIVATE_EXTERN = NO;
				GCC_WARN_64_TO_32_BIT_CONVERSION = YES;
				GCC_WARN_ABOUT_RETURN_TYPE = YES_ERROR;
				GCC_WARN_UNDECLARED_SELECTOR = YES;
				GCC_WARN_UNINITIALIZED_AUTOS = YES_AGGRESSIVE;
				GCC_WARN_UNUSED_FUNCTION = YES;
				GCC_WARN_UNUSED_VARIABLE = YES;
				IPHONEOS_DEPLOYMENT_TARGET = 7.1;
				ONLY_ACTIVE_ARCH = YES;
				SDKROOT = iphoneos;
				TARGETED_DEVICE_FAMILY = "1,2";
			};
			name = Debug;
		};
		B091893719512A35009C837D /* Release */ = {
			isa = XCBuildConfiguration;
			buildSettings = {
				ALWAYS_SEARCH_USER_PATHS = NO;
				CLANG_CXX_LANGUAGE_STANDARD = "gnu++0x";
				CLANG_CXX_LIBRARY = "libc++";
				CLANG_ENABLE_MODULES = YES;
				CLANG_ENABLE_OBJC_ARC = YES;
				CLANG_WARN_BOOL_CONVERSION = YES;
				CLANG_WARN_CONSTANT_CONVERSION = YES;
				CLANG_WARN_DIRECT_OBJC_ISA_USAGE = YES_ERROR;
				CLANG_WARN_EMPTY_BODY = YES;
				CLANG_WARN_ENUM_CONVERSION = YES;
				CLANG_WARN_INT_CONVERSION = YES;
				CLANG_WARN_OBJC_ROOT_CLASS = YES_ERROR;
				CLANG_WARN__DUPLICATE_METHOD_MATCH = YES;
				"CODE_SIGN_IDENTITY[sdk=iphoneos*]" = "iPhone Developer";
				COPY_PHASE_STRIP = YES;
				ENABLE_NS_ASSERTIONS = NO;
				GCC_C_LANGUAGE_STANDARD = gnu99;
				GCC_WARN_64_TO_32_BIT_CONVERSION = YES;
				GCC_WARN_ABOUT_RETURN_TYPE = YES_ERROR;
				GCC_WARN_UNDECLARED_SELECTOR = YES;
				GCC_WARN_UNINITIALIZED_AUTOS = YES_AGGRESSIVE;
				GCC_WARN_UNUSED_FUNCTION = YES;
				GCC_WARN_UNUSED_VARIABLE = YES;
				IPHONEOS_DEPLOYMENT_TARGET = 7.1;
				SDKROOT = iphoneos;
				TARGETED_DEVICE_FAMILY = "1,2";
				VALIDATE_PRODUCT = YES;
			};
			name = Release;
		};
		B091893919512A35009C837D /* Debug */ = {
			isa = XCBuildConfiguration;
			buildSettings = {
				ASSETCATALOG_COMPILER_APPICON_NAME = AppIcon;
				ASSETCATALOG_COMPILER_LAUNCHIMAGE_NAME = LaunchImage;
				GCC_PRECOMPILE_PREFIX_HEADER = YES;
				GCC_PREFIX_HEADER = "GeoSpring/GeoSpring-Prefix.pch";
				INFOPLIST_FILE = "GeoSpring/GeoSpring-Info.plist";
				PRODUCT_NAME = "$(TARGET_NAME)";
				WRAPPER_EXTENSION = app;
			};
			name = Debug;
		};
		B091893A19512A35009C837D /* Release */ = {
			isa = XCBuildConfiguration;
			buildSettings = {
				ASSETCATALOG_COMPILER_APPICON_NAME = AppIcon;
				ASSETCATALOG_COMPILER_LAUNCHIMAGE_NAME = LaunchImage;
				GCC_PRECOMPILE_PREFIX_HEADER = YES;
				GCC_PREFIX_HEADER = "GeoSpring/GeoSpring-Prefix.pch";
				INFOPLIST_FILE = "GeoSpring/GeoSpring-Info.plist";
				PRODUCT_NAME = "$(TARGET_NAME)";
				WRAPPER_EXTENSION = app;
			};
			name = Release;
		};
		B091893C19512A35009C837D /* Debug */ = {
			isa = XCBuildConfiguration;
			buildSettings = {
				BUNDLE_LOADER = "$(BUILT_PRODUCTS_DIR)/GeoSpring.app/GeoSpring";
				FRAMEWORK_SEARCH_PATHS = (
					"$(SDKROOT)/Developer/Library/Frameworks",
					"$(inherited)",
					"$(DEVELOPER_FRAMEWORKS_DIR)",
				);
				GCC_PRECOMPILE_PREFIX_HEADER = YES;
				GCC_PREFIX_HEADER = "GeoSpring/GeoSpring-Prefix.pch";
				GCC_PREPROCESSOR_DEFINITIONS = (
					"DEBUG=1",
					"$(inherited)",
				);
				INFOPLIST_FILE = "GeoSpringTests/GeoSpringTests-Info.plist";
				PRODUCT_NAME = "$(TARGET_NAME)";
				TEST_HOST = "$(BUNDLE_LOADER)";
				WRAPPER_EXTENSION = xctest;
			};
			name = Debug;
		};
		B091893D19512A35009C837D /* Release */ = {
			isa = XCBuildConfiguration;
			buildSettings = {
				BUNDLE_LOADER = "$(BUILT_PRODUCTS_DIR)/GeoSpring.app/GeoSpring";
				FRAMEWORK_SEARCH_PATHS = (
					"$(SDKROOT)/Developer/Library/Frameworks",
					"$(inherited)",
					"$(DEVELOPER_FRAMEWORKS_DIR)",
				);
				GCC_PRECOMPILE_PREFIX_HEADER = YES;
				GCC_PREFIX_HEADER = "GeoSpring/GeoSpring-Prefix.pch";
				INFOPLIST_FILE = "GeoSpringTests/GeoSpringTests-Info.plist";
				PRODUCT_NAME = "$(TARGET_NAME)";
				TEST_HOST = "$(BUNDLE_LOADER)";
				WRAPPER_EXTENSION = xctest;
			};
			name = Release;
		};
/* End XCBuildConfiguration section */

/* Begin XCConfigurationList section */
		B09188FE19512A34009C837D /* Build configuration list for PBXProject "GeoSpring" */ = {
			isa = XCConfigurationList;
			buildConfigurations = (
				B091893619512A35009C837D /* Debug */,
				B091893719512A35009C837D /* Release */,
			);
			defaultConfigurationIsVisible = 0;
			defaultConfigurationName = Release;
		};
		B091893819512A35009C837D /* Build configuration list for PBXNativeTarget "GeoSpring" */ = {
			isa = XCConfigurationList;
			buildConfigurations = (
				B091893919512A35009C837D /* Debug */,
				B091893A19512A35009C837D /* Release */,
			);
			defaultConfigurationIsVisible = 0;
			defaultConfigurationName = Release;
		};
		B091893B19512A35009C837D /* Build configuration list for PBXNativeTarget "GeoSpringTests" */ = {
			isa = XCConfigurationList;
			buildConfigurations = (
				B091893C19512A35009C837D /* Debug */,
				B091893D19512A35009C837D /* Release */,
			);
			defaultConfigurationIsVisible = 0;
			defaultConfigurationName = Release;
		};
/* End XCConfigurationList section */

/* Begin XCVersionGroup section */
		B091893F19512A6A009C837D /* SpringData.xcdatamodeld */ = {
			isa = XCVersionGroup;
			children = (
				B0FCBDD21953A5F10099DCED /* SpringData 2.xcdatamodel */,
				B091894019512A6A009C837D /* SpringData.xcdatamodel */,
			);
			currentVersion = B0FCBDD21953A5F10099DCED /* SpringData 2.xcdatamodel */;
			path = SpringData.xcdatamodeld;
			sourceTree = "<group>";
			versionGroupType = wrapper.xcdatamodel;
		};
/* End XCVersionGroup section */
	};
	rootObject = B09188FB19512A34009C837D /* Project object */;
}
